
Microsoft Visual Studio Solution File, Format Version 12.00
# Visual Studio Version 17
VisualStudioVersion = 17.5.33516.290
MinimumVisualStudioVersion = 10.0.40219.1
Project("{FAE04EC0-301F-11D3-BF4B-00C04F79EFBC}") = "hw3", "hw3\hw3.csproj", "{ABDCBD33-B5AC-40F7-95FC-B05A996F0987}"
EndProject
Global
	GlobalSection(SolutionConfigurationPlatforms) = preSolution
		Debug|Any CPU = Debug|Any CPU
		Release|Any CPU = Release|Any CPU
	EndGlobalSection
	GlobalSection(ProjectConfigurationPlatforms) = postSolution
		{ABDCBD33-B5AC-40F7-95FC-B05A996F0987}.Debug|Any CPU.ActiveCfg = Debug|Any CPU
		{ABDCBD33-B5AC-40F7-95FC-B05A996F0987}.Debug|Any CPU.Build.0 = Debug|Any CPU
		{ABDCBD33-B5AC-40F7-95FC-B05A996F0987}.Release|Any CPU.ActiveCfg = Release|Any CPU
		{ABDCBD33-B5AC-40F7-95FC-B05A996F0987}.Release|Any CPU.Build.0 = Release|Any CPU
	EndGlobalSection
	GlobalSection(SolutionProperties) = preSolution
		HideSolutionNode = FALSE
	EndGlobalSection
	GlobalSection(ExtensibilityGlobals) = postSolution
		SolutionGuid = {F7BCEC22-FBAB-4033-B8DA-8990B61A4846}
	EndGlobalSection
EndGlobal
